
Microsoft Visual Studio Solution File, Format Version 12.00
# Visual Studio 14
VisualStudioVersion = 14.0.23107.0
MinimumVisualStudioVersion = 10.0.40219.1
Project("{FAE04EC0-301F-11D3-BF4B-00C04F79EFBC}") = "fmsc", "fmsc\fmsc.csproj", "{DCFB486B-E186-4AE5-B787-D2DFF0C3334C}"
EndProject
Global
	GlobalSection(SolutionConfigurationPlatforms) = preSolution
		Debug|Any CPU = Debug|Any CPU
		Release|Any CPU = Release|Any CPU
	EndGlobalSection
	GlobalSection(ProjectConfigurationPlatforms) = postSolution
		{DCFB486B-E186-4AE5-B787-D2DFF0C3334C}.Debug|Any CPU.ActiveCfg = Debug|Any CPU
		{DCFB486B-E186-4AE5-B787-D2DFF0C3334C}.Debug|Any CPU.Build.0 = Debug|Any CPU
		{DCFB486B-E186-4AE5-B787-D2DFF0C3334C}.Release|Any CPU.ActiveCfg = Release|Any CPU
		{DCFB486B-E186-4AE5-B787-D2DFF0C3334C}.Release|Any CPU.Build.0 = Release|Any CPU
	EndGlobalSection
	GlobalSection(SolutionProperties) = preSolution
		HideSolutionNode = FALSE
	EndGlobalSection
EndGlobal
